
Microsoft Visual Studio Solution File, Format Version 12.00
# Visual Studio Version 16
VisualStudioVersion = 16.0.30907.101
MinimumVisualStudioVersion = 10.0.40219.1
Project("{FAE04EC0-301F-11D3-BF4B-00C04F79EFBC}") = "WebApplicationMVC5", "WebApplicationMVC5.csproj", "{4E6A1610-35EE-443B-AC0E-F79A74927D83}"
EndProject
Global
	GlobalSection(SolutionConfigurationPlatforms) = preSolution
		Debug|Any CPU = Debug|Any CPU
		Release|Any CPU = Release|Any CPU
	EndGlobalSection
	GlobalSection(ProjectConfigurationPlatforms) = postSolution
		{4E6A1610-35EE-443B-AC0E-F79A74927D83}.Debug|Any CPU.ActiveCfg = Debug|Any CPU
		{4E6A1610-35EE-443B-AC0E-F79A74927D83}.Debug|Any CPU.Build.0 = Debug|Any CPU
		{4E6A1610-35EE-443B-AC0E-F79A74927D83}.Release|Any CPU.ActiveCfg = Release|Any CPU
		{4E6A1610-35EE-443B-AC0E-F79A74927D83}.Release|Any CPU.Build.0 = Release|Any CPU
	EndGlobalSection
	GlobalSection(SolutionProperties) = preSolution
		HideSolutionNode = FALSE
	EndGlobalSection
	GlobalSection(ExtensibilityGlobals) = postSolution
		SolutionGuid = {8A76DA6F-4B13-474B-BFB4-F4D5F5E498B9}
	EndGlobalSection
EndGlobal
